// !$*UTF8*$!
{
	archiveVersion = 1;
	classes = {
	};
	objectVersion = 46;
	objects = {

/* Begin PBXBuildFile section */
		9A2F62071D10F1DF003F91C5 /* main.m in Sources */ = {isa = PBXBuildFile; fileRef = 9A2F62061D10F1DF003F91C5 /* main.m */; };
		9A2F620A1D10F1DF003F91C5 /* AppDelegate.m in Sources */ = {isa = PBXBuildFile; fileRef = 9A2F62091D10F1DF003F91C5 /* AppDelegate.m */; };
		9A2F62121D10F1DF003F91C5 /* Assets.xcassets in Resources */ = {isa = PBXBuildFile; fileRef = 9A2F62111D10F1DF003F91C5 /* Assets.xcassets */; };
		9A2F621F1D10F248003F91C5 /* MasterVC.m in Sources */ = {isa = PBXBuildFile; fileRef = 9A2F621D1D10F248003F91C5 /* MasterVC.m */; };
		9A2F62201D10F248003F91C5 /* MasterVC.xib in Resources */ = {isa = PBXBuildFile; fileRef = 9A2F621E1D10F248003F91C5 /* MasterVC.xib */; };
		9A2F62241D10F546003F91C5 /* HeaderBarCell.m in Sources */ = {isa = PBXBuildFile; fileRef = 9A2F62221D10F546003F91C5 /* HeaderBarCell.m */; };
		9A2F62251D10F546003F91C5 /* HeaderBarCell.xib in Resources */ = {isa = PBXBuildFile; fileRef = 9A2F62231D10F546003F91C5 /* HeaderBarCell.xib */; };
		9A2F62291D10F563003F91C5 /* DefaultDataCell.m in Sources */ = {isa = PBXBuildFile; fileRef = 9A2F62271D10F563003F91C5 /* DefaultDataCell.m */; };
		9A2F622A1D10F563003F91C5 /* DefaultDataCell.xib in Resources */ = {isa = PBXBuildFile; fileRef = 9A2F62281D10F563003F91C5 /* DefaultDataCell.xib */; };
		9A2F62331D10F786003F91C5 /* DetailVC.m in Sources */ = {isa = PBXBuildFile; fileRef = 9A2F62311D10F786003F91C5 /* DetailVC.m */; };
		9A2F62341D10F786003F91C5 /* DetailVC.xib in Resources */ = {isa = PBXBuildFile; fileRef = 9A2F62321D10F786003F91C5 /* DetailVC.xib */; };
/* End PBXBuildFile section */

/* Begin PBXFileReference section */
		9A2F62021D10F1DE003F91C5 /* bai2.app */ = {isa = PBXFileReference; explicitFileType = wrapper.application; includeInIndex = 0; path = bai2.app; sourceTree = BUILT_PRODUCTS_DIR; };
		9A2F62061D10F1DF003F91C5 /* main.m */ = {isa = PBXFileReference; lastKnownFileType = sourcecode.c.objc; path = main.m; sourceTree = "<group>"; };
		9A2F62081D10F1DF003F91C5 /* AppDelegate.h */ = {isa = PBXFileReference; lastKnownFileType = sourcecode.c.h; path = AppDelegate.h; sourceTree = "<group>"; };
		9A2F62091D10F1DF003F91C5 /* AppDelegate.m */ = {isa = PBXFileReference; lastKnownFileType = sourcecode.c.objc; path = AppDelegate.m; sourceTree = "<group>"; };
		9A2F62111D10F1DF003F91C5 /* Assets.xcassets */ = {isa = PBXFileReference; lastKnownFileType = folder.assetcatalog; path = Assets.xcassets; sourceTree = "<group>"; };
		9A2F62161D10F1DF003F91C5 /* Info.plist */ = {isa = PBXFileReference; lastKnownFileType = text.plist.xml; path = Info.plist; sourceTree = "<group>"; };
		9A2F621C1D10F248003F91C5 /* MasterVC.h */ = {isa = PBXFileReference; fileEncoding = 4; lastKnownFileType = sourcecode.c.h; path = MasterVC.h; sourceTree = "<group>"; };
		9A2F621D1D10F248003F91C5 /* MasterVC.m */ = {isa = PBXFileReference; fileEncoding = 4; lastKnownFileType = sourcecode.c.objc; path = MasterVC.m; sourceTree = "<group>"; };
		9A2F621E1D10F248003F91C5 /* MasterVC.xib */ = {isa = PBXFileReference; fileEncoding = 4; lastKnownFileType = file.xib; path = MasterVC.xib; sourceTree = "<group>"; };
		9A2F62211D10F546003F91C5 /* HeaderBarCell.h */ = {isa = PBXFileReference; fileEncoding = 4; lastKnownFileType = sourcecode.c.h; path = HeaderBarCell.h; sourceTree = "<group>"; };
		9A2F62221D10F546003F91C5 /* HeaderBarCell.m */ = {isa = PBXFileReference; fileEncoding = 4; lastKnownFileType = sourcecode.c.objc; path = HeaderBarCell.m; sourceTree = "<group>"; };
		9A2F62231D10F546003F91C5 /* HeaderBarCell.xib */ = {isa = PBXFileReference; fileEncoding = 4; lastKnownFileType = file.xib; path = HeaderBarCell.xib; sourceTree = "<group>"; };
		9A2F62261D10F563003F91C5 /* DefaultDataCell.h */ = {isa = PBXFileReference; fileEncoding = 4; lastKnownFileType = sourcecode.c.h; path = DefaultDataCell.h; sourceTree = "<group>"; };
		9A2F62271D10F563003F91C5 /* DefaultDataCell.m */ = {isa = PBXFileReference; fileEncoding = 4; lastKnownFileType = sourcecode.c.objc; path = DefaultDataCell.m; sourceTree = "<group>"; };
		9A2F62281D10F563003F91C5 /* DefaultDataCell.xib */ = {isa = PBXFileReference; fileEncoding = 4; lastKnownFileType = file.xib; path = DefaultDataCell.xib; sourceTree = "<group>"; };
		9A2F62301D10F786003F91C5 /* DetailVC.h */ = {isa = PBXFileReference; fileEncoding = 4; lastKnownFileType = sourcecode.c.h; path = DetailVC.h; sourceTree = "<group>"; };
		9A2F62311D10F786003F91C5 /* DetailVC.m */ = {isa = PBXFileReference; fileEncoding = 4; lastKnownFileType = sourcecode.c.objc; path = DetailVC.m; sourceTree = "<group>"; };
		9A2F62321D10F786003F91C5 /* DetailVC.xib */ = {isa = PBXFileReference; fileEncoding = 4; lastKnownFileType = file.xib; path = DetailVC.xib; sourceTree = "<group>"; };
/* End PBXFileReference section */

/* Begin PBXFrameworksBuildPhase section */
		9A2F61FF1D10F1DE003F91C5 /* Frameworks */ = {
			isa = PBXFrameworksBuildPhase;
			buildActionMask = 2147483647;
			files = (
			);
			runOnlyForDeploymentPostprocessing = 0;
		};
/* End PBXFrameworksBuildPhase section */

/* Begin PBXGroup section */
		9A2F61F91D10F1DE003F91C5 = {
			isa = PBXGroup;
			children = (
				9A2F62041D10F1DF003F91C5 /* bai2 */,
				9A2F62031D10F1DE003F91C5 /* Products */,
			);
			sourceTree = "<group>";
		};
		9A2F62031D10F1DE003F91C5 /* Products */ = {
			isa = PBXGroup;
			children = (
				9A2F62021D10F1DE003F91C5 /* bai2.app */,
			);
			name = Products;
			sourceTree = "<group>";
		};
		9A2F62041D10F1DF003F91C5 /* bai2 */ = {
			isa = PBXGroup;
			children = (
				9A2F62301D10F786003F91C5 /* DetailVC.h */,
				9A2F62311D10F786003F91C5 /* DetailVC.m */,
				9A2F62321D10F786003F91C5 /* DetailVC.xib */,
				9A2F62211D10F546003F91C5 /* HeaderBarCell.h */,
				9A2F62221D10F546003F91C5 /* HeaderBarCell.m */,
				9A2F62231D10F546003F91C5 /* HeaderBarCell.xib */,
				9A2F62261D10F563003F91C5 /* DefaultDataCell.h */,
				9A2F62271D10F563003F91C5 /* DefaultDataCell.m */,
				9A2F62281D10F563003F91C5 /* DefaultDataCell.xib */,
				9A2F621C1D10F248003F91C5 /* MasterVC.h */,
				9A2F621D1D10F248003F91C5 /* MasterVC.m */,
				9A2F621E1D10F248003F91C5 /* MasterVC.xib */,
				9A2F62081D10F1DF003F91C5 /* AppDelegate.h */,
				9A2F62091D10F1DF003F91C5 /* AppDelegate.m */,
				9A2F62051D10F1DF003F91C5 /* Supporting Files */,
			);
			path = bai2;
			sourceTree = "<group>";
		};
		9A2F62051D10F1DF003F91C5 /* Supporting Files */ = {
			isa = PBXGroup;
			children = (
				9A2F62111D10F1DF003F91C5 /* Assets.xcassets */,
				9A2F62161D10F1DF003F91C5 /* Info.plist */,
				9A2F62061D10F1DF003F91C5 /* main.m */,
			);
			name = "Supporting Files";
			sourceTree = "<group>";
		};
/* End PBXGroup section */

/* Begin PBXNativeTarget section */
		9A2F62011D10F1DE003F91C5 /* bai2 */ = {
			isa = PBXNativeTarget;
			buildConfigurationList = 9A2F62191D10F1DF003F91C5 /* Build configuration list for PBXNativeTarget "bai2" */;
			buildPhases = (
				9A2F61FE1D10F1DE003F91C5 /* Sources */,
				9A2F61FF1D10F1DE003F91C5 /* Frameworks */,
				9A2F62001D10F1DE003F91C5 /* Resources */,
			);
			buildRules = (
			);
			dependencies = (
			);
			name = bai2;
			productName = bai2;
			productReference = 9A2F62021D10F1DE003F91C5 /* bai2.app */;
			productType = "com.apple.product-type.application";
		};
/* End PBXNativeTarget section */

/* Begin PBXProject section */
		9A2F61FA1D10F1DE003F91C5 /* Project object */ = {
			isa = PBXProject;
			attributes = {
				LastUpgradeCheck = 0730;
				ORGANIZATIONNAME = SilkRoadPacific;
				TargetAttributes = {
					9A2F62011D10F1DE003F91C5 = {
						CreatedOnToolsVersion = 7.3;
					};
				};
			};
			buildConfigurationList = 9A2F61FD1D10F1DE003F91C5 /* Build configuration list for PBXProject "bai2" */;
			compatibilityVersion = "Xcode 3.2";
			developmentRegion = English;
			hasScannedForEncodings = 0;
			knownRegions = (
				en,
				Base,
			);
			mainGroup = 9A2F61F91D10F1DE003F91C5;
			productRefGroup = 9A2F62031D10F1DE003F91C5 /* Products */;
			projectDirPath = "";
			projectRoot = "";
			targets = (
				9A2F62011D10F1DE003F91C5 /* bai2 */,
			);
		};
/* End PBXProject section */

/* Begin PBXResourcesBuildPhase section */
		9A2F62001D10F1DE003F91C5 /* Resources */ = {
			isa = PBXResourcesBuildPhase;
			buildActionMask = 2147483647;
			files = (
				9A2F62251D10F546003F91C5 /* HeaderBarCell.xib in Resources */,
				9A2F62201D10F248003F91C5 /* MasterVC.xib in Resources */,
				9A2F62121D10F1DF003F91C5 /* Assets.xcassets in Resources */,
				9A2F622A1D10F563003F91C5 /* DefaultDataCell.xib in Resources */,
				9A2F62341D10F786003F91C5 /* DetailVC.xib in Resources */,
			);
			runOnlyForDeploymentPostprocessing = 0;
		};
/* End PBXResourcesBuildPhase section */

/* Begin PBXSourcesBuildPhase section */
		9A2F61FE1D10F1DE003F91C5 /* Sources */ = {
			isa = PBXSourcesBuildPhase;
			buildActionMask = 2147483647;
			files = (
				9A2F62241D10F546003F91C5 /* HeaderBarCell.m in Sources */,
				9A2F620A1D10F1DF003F91C5 /* AppDelegate.m in Sources */,
				9A2F62071D10F1DF003F91C5 /* main.m in Sources */,
				9A2F62331D10F786003F91C5 /* DetailVC.m in Sources */,
				9A2F62291D10F563003F91C5 /* DefaultDataCell.m in Sources */,
				9A2F621F1D10F248003F91C5 /* MasterVC.m in Sources */,
			);
			runOnlyForDeploymentPostprocessing = 0;
		};
/* End PBXSourcesBuildPhase section */

/* Begin XCBuildConfiguration section */
		9A2F62171D10F1DF003F91C5 /* Debug */ = {
			isa = XCBuildConfiguration;
			buildSettings = {
				ALWAYS_SEARCH_USER_PATHS = NO;
				CLANG_ANALYZER_NONNULL = YES;
				CLANG_CXX_LANGUAGE_STANDARD = "gnu++0x";
				CLANG_CXX_LIBRARY = "libc++";
				CLANG_ENABLE_MODULES = YES;
				CLANG_ENABLE_OBJC_ARC = YES;
				CLANG_WARN_BOOL_CONVERSION = YES;
				CLANG_WARN_CONSTANT_CONVERSION = YES;
				CLANG_WARN_DIRECT_OBJC_ISA_USAGE = YES_ERROR;
				CLANG_WARN_EMPTY_BODY = YES;
				CLANG_WARN_ENUM_CONVERSION = YES;
				CLANG_WARN_INT_CONVERSION = YES;
				CLANG_WARN_OBJC_ROOT_CLASS = YES_ERROR;
				CLANG_WARN_UNREACHABLE_CODE = YES;
				CLANG_WARN__DUPLICATE_METHOD_MATCH = YES;
				"CODE_SIGN_IDENTITY[sdk=iphoneos*]" = "iPhone Developer";
				COPY_PHASE_STRIP = NO;
				DEBUG_INFORMATION_FORMAT = dwarf;
				ENABLE_STRICT_OBJC_MSGSEND = YES;
				ENABLE_TESTABILITY = YES;
				GCC_C_LANGUAGE_STANDARD = gnu99;
				GCC_DYNAMIC_NO_PIC = NO;
				GCC_NO_COMMON_BLOCKS = YES;
				GCC_OPTIMIZATION_LEVEL = 0;
				GCC_PREPROCESSOR_DEFINITIONS = (
					"DEBUG=1",
					"$(inherited)",
				);
				GCC_WARN_64_TO_32_BIT_CONVERSION = YES;
				GCC_WARN_ABOUT_RETURN_TYPE = YES_ERROR;
				GCC_WARN_UNDECLARED_SELECTOR = YES;
				GCC_WARN_UNINITIALIZED_AUTOS = YES_AGGRESSIVE;
				GCC_WARN_UNUSED_FUNCTION = YES;
				GCC_WARN_UNUSED_VARIABLE = YES;
				IPHONEOS_DEPLOYMENT_TARGET = 9.3;
				MTL_ENABLE_DEBUG_INFO = YES;
				ONLY_ACTIVE_ARCH = YES;
				SDKROOT = iphoneos;
			};
			name = Debug;
		};
		9A2F62181D10F1DF003F91C5 /* Release */ = {
			isa = XCBuildConfiguration;
			buildSettings = {
				ALWAYS_SEARCH_USER_PATHS = NO;
				CLANG_ANALYZER_NONNULL = YES;
				CLANG_CXX_LANGUAGE_STANDARD = "gnu++0x";
				CLANG_CXX_LIBRARY = "libc++";
				CLANG_ENABLE_MODULES = YES;
				CLANG_ENABLE_OBJC_ARC = YES;
				CLANG_WARN_BOOL_CONVERSION = YES;
				CLANG_WARN_CONSTANT_CONVERSION = YES;
				CLANG_WARN_DIRECT_OBJC_ISA_USAGE = YES_ERROR;
				CLANG_WARN_EMPTY_BODY = YES;
				CLANG_WARN_ENUM_CONVERSION = YES;
				CLANG_WARN_INT_CONVERSION = YES;
				CLANG_WARN_OBJC_ROOT_CLASS = YES_ERROR;
				CLANG_WARN_UNREACHABLE_CODE = YES;
				CLANG_WARN__DUPLICATE_METHOD_MATCH = YES;
				"CODE_SIGN_IDENTITY[sdk=iphoneos*]" = "iPhone Developer";
				COPY_PHASE_STRIP = NO;
				DEBUG_INFORMATION_FORMAT = "dwarf-with-dsym";
				ENABLE_NS_ASSERTIONS = NO;
				ENABLE_STRICT_OBJC_MSGSEND = YES;
				GCC_C_LANGUAGE_STANDARD = gnu99;
				GCC_NO_COMMON_BLOCKS = YES;
				GCC_WARN_64_TO_32_BIT_CONVERSION = YES;
				GCC_WARN_ABOUT_RETURN_TYPE = YES_ERROR;
				GCC_WARN_UNDECLARED_SELECTOR = YES;
				GCC_WARN_UNINITIALIZED_AUTOS = YES_AGGRESSIVE;
				GCC_WARN_UNUSED_FUNCTION = YES;
				GCC_WARN_UNUSED_VARIABLE = YES;
				IPHONEOS_DEPLOYMENT_TARGET = 9.3;
				MTL_ENABLE_DEBUG_INFO = NO;
				SDKROOT = iphoneos;
				VALIDATE_PRODUCT = YES;
			};
			name = Release;
		};
		9A2F621A1D10F1DF003F91C5 /* Debug */ = {
			isa = XCBuildConfiguration;
			buildSettings = {
				ASSETCATALOG_COMPILER_APPICON_NAME = AppIcon;
				INFOPLIST_FILE = bai2/Info.plist;
				IPHONEOS_DEPLOYMENT_TARGET = 7.1;
				LD_RUNPATH_SEARCH_PATHS = "$(inherited) @executable_path/Frameworks";
				PRODUCT_BUNDLE_IDENTIFIER = com.silkroadpacific.bai2;
				PRODUCT_NAME = "$(TARGET_NAME)";
			};
			name = Debug;
		};
		9A2F621B1D10F1DF003F91C5 /* Release */ = {
			isa = XCBuildConfiguration;
			buildSettings = {
				ASSETCATALOG_COMPILER_APPICON_NAME = AppIcon;
				INFOPLIST_FILE = bai2/Info.plist;
				IPHONEOS_DEPLOYMENT_TARGET = 7.1;
				LD_RUNPATH_SEARCH_PATHS = "$(inherited) @executable_path/Frameworks";
				PRODUCT_BUNDLE_IDENTIFIER = com.silkroadpacific.bai2;
				PRODUCT_NAME = "$(TARGET_NAME)";
			};
			name = Release;
		};
/* End XCBuildConfiguration section */

/* Begin XCConfigurationList section */
		9A2F61FD1D10F1DE003F91C5 /* Build configuration list for PBXProject "bai2" */ = {
			isa = XCConfigurationList;
			buildConfigurations = (
				9A2F62171D10F1DF003F91C5 /* Debug */,
				9A2F62181D10F1DF003F91C5 /* Release */,
			);
			defaultConfigurationIsVisible = 0;
			defaultConfigurationName = Release;
		};
		9A2F62191D10F1DF003F91C5 /* Build configuration list for PBXNativeTarget "bai2" */ = {
			isa = XCConfigurationList;
			buildConfigurations = (
				9A2F621A1D10F1DF003F91C5 /* Debug */,
				9A2F621B1D10F1DF003F91C5 /* Release */,
			);
			defaultConfigurationIsVisible = 0;
		};
/* End XCConfigurationList section */
	};
	rootObject = 9A2F61FA1D10F1DE003F91C5 /* Project object */;
}
